{
    "_readme": [
        "This file locks the dependencies of your project to a known state",
        "Read more about it at https://getcomposer.org/doc/01-basic-usage.md#installing-dependencies",
        "This file is @generated automatically"
    ],
    "content-hash": "2fc7ae255b6c2026ab0ad1f0e8af8869",
    "packages": [
        {
            "name": "log1x/navi",
            "version": "v3.0.3",
            "source": {
                "type": "git",
                "url": "https://github.com/Log1x/navi.git",
                "reference": "d84b4ce2484b0f9a9ee4b0bba2f222f3a03b820a"
            },
            "dist": {
                "type": "zip",
                "url": "https://api.github.com/repos/Log1x/navi/zipball/d84b4ce2484b0f9a9ee4b0bba2f222f3a03b820a",
                "reference": "d84b4ce2484b0f9a9ee4b0bba2f222f3a03b820a",
                "shasum": ""
            },
            "require": {
                "php": "^8.0"
            },
            "require-dev": {
                "laravel/pint": "^1.14"
            },
            "type": "package",
            "extra": {
                "acorn": {
                    "providers": [
                        "Log1x\\Navi\\Providers\\NaviServiceProvider"
                    ],
                    "aliases": {
                        "Navi": "Log1x\\Navi\\Facades\\Navi"
                    }
                }
            },
            "autoload": {
                "psr-4": {
                    "Log1x\\Navi\\": "src/"
                }
            },
            "notification-url": "https://packagist.org/downloads/",
            "license": [
                "MIT"
            ],
            "authors": [
                {
                    "name": "Brandon Nifong",
                    "email": "brandon@tendency.me"
                }
            ],
            "description": "A developer-friendly alternative to the WordPress NavWalker.",
            "keywords": [
                "navwalker",
                "wordpress",
                "wordpress-plugin"
            ],
            "support": {
                "issues": "https://github.com/log1x/navi/issues",
                "source": "https://github.com/Log1x/navi/tree/v3.0.3"
            },
            "funding": [
                {
                    "url": "https://github.com/Log1x",
                    "type": "github"
                }
            ],
            "time": "2024-04-23T11:30:08+00:00"
        }
    ],
    "packages-dev": [],
    "aliases": [],
    "minimum-stability": "stable",
    "stability-flags": [],
    "prefer-stable": false,
    "prefer-lowest": false,
    "platform": [],
    "platform-dev": [],
    "plugin-api-version": "2.6.0"
}
